
Microsoft Visual Studio Solution File, Format Version 12.00
# Visual Studio 15
VisualStudioVersion = 15.0.28307.489
MinimumVisualStudioVersion = 10.0.40219.1
Project("{9A19103F-16F7-4668-BE54-9A1E7A4F7556}") = "OnionApp", "OnionApp\OnionApp.csproj", "{BAB854A6-A985-4C78-A291-EE5333EC56D3}"
EndProject
Project("{2150E333-8FDC-42A3-9474-1A3956D46DE8}") = "Domain", "Domain", "{55252476-9D5A-4ABF-9A0E-6EFE678B7A77}"
EndProject
Project("{9A19103F-16F7-4668-BE54-9A1E7A4F7556}") = "OnionApp.Domain.Models", "Core\OnionApp.Domain.Models.csproj", "{8A45B5F6-5B5B-4E2B-88D2-7F38C3201F37}"
EndProject
Project("{9A19103F-16F7-4668-BE54-9A1E7A4F7556}") = "OnionApp.Domain.Interfaces", "OnionApp.Domain.Interfaces\OnionApp.Domain.Interfaces.csproj", "{E4CB2388-69B4-45DD-9EF8-E26AB26A0C34}"
EndProject
Project("{FAE04EC0-301F-11D3-BF4B-00C04F79EFBC}") = "OnionApp.Domain.Services", "OnionApp.Domain.Services\OnionApp.Domain.Services.csproj", "{4EE613D1-64BC-462F-BF03-7B43982956C7}"
EndProject
Global
	GlobalSection(SolutionConfigurationPlatforms) = preSolution
		Debug|Any CPU = Debug|Any CPU
		Release|Any CPU = Release|Any CPU
	EndGlobalSection
	GlobalSection(ProjectConfigurationPlatforms) = postSolution
		{BAB854A6-A985-4C78-A291-EE5333EC56D3}.Debug|Any CPU.ActiveCfg = Debug|Any CPU
		{BAB854A6-A985-4C78-A291-EE5333EC56D3}.Debug|Any CPU.Build.0 = Debug|Any CPU
		{BAB854A6-A985-4C78-A291-EE5333EC56D3}.Release|Any CPU.ActiveCfg = Release|Any CPU
		{BAB854A6-A985-4C78-A291-EE5333EC56D3}.Release|Any CPU.Build.0 = Release|Any CPU
		{8A45B5F6-5B5B-4E2B-88D2-7F38C3201F37}.Debug|Any CPU.ActiveCfg = Debug|Any CPU
		{8A45B5F6-5B5B-4E2B-88D2-7F38C3201F37}.Debug|Any CPU.Build.0 = Debug|Any CPU
		{8A45B5F6-5B5B-4E2B-88D2-7F38C3201F37}.Release|Any CPU.ActiveCfg = Release|Any CPU
		{8A45B5F6-5B5B-4E2B-88D2-7F38C3201F37}.Release|Any CPU.Build.0 = Release|Any CPU
		{E4CB2388-69B4-45DD-9EF8-E26AB26A0C34}.Debug|Any CPU.ActiveCfg = Debug|Any CPU
		{E4CB2388-69B4-45DD-9EF8-E26AB26A0C34}.Debug|Any CPU.Build.0 = Debug|Any CPU
		{E4CB2388-69B4-45DD-9EF8-E26AB26A0C34}.Release|Any CPU.ActiveCfg = Release|Any CPU
		{E4CB2388-69B4-45DD-9EF8-E26AB26A0C34}.Release|Any CPU.Build.0 = Release|Any CPU
		{4EE613D1-64BC-462F-BF03-7B43982956C7}.Debug|Any CPU.ActiveCfg = Debug|Any CPU
		{4EE613D1-64BC-462F-BF03-7B43982956C7}.Debug|Any CPU.Build.0 = Debug|Any CPU
		{4EE613D1-64BC-462F-BF03-7B43982956C7}.Release|Any CPU.ActiveCfg = Release|Any CPU
		{4EE613D1-64BC-462F-BF03-7B43982956C7}.Release|Any CPU.Build.0 = Release|Any CPU
	EndGlobalSection
	GlobalSection(SolutionProperties) = preSolution
		HideSolutionNode = FALSE
	EndGlobalSection
	GlobalSection(NestedProjects) = preSolution
		{8A45B5F6-5B5B-4E2B-88D2-7F38C3201F37} = {55252476-9D5A-4ABF-9A0E-6EFE678B7A77}
		{E4CB2388-69B4-45DD-9EF8-E26AB26A0C34} = {55252476-9D5A-4ABF-9A0E-6EFE678B7A77}
		{4EE613D1-64BC-462F-BF03-7B43982956C7} = {55252476-9D5A-4ABF-9A0E-6EFE678B7A77}
	EndGlobalSection
	GlobalSection(ExtensibilityGlobals) = postSolution
		SolutionGuid = {F689DA4C-4C00-4A09-B6F8-2C25916BD171}
	EndGlobalSection
EndGlobal
